lockfileVersion: '9.0'

settings:
  autoInstallPeers: true
  excludeLinksFromLockfile: false

importers:

  .:
    devDependencies:
      iab-adcom:
        specifier: ^0.1.5
        version: 0.1.5

packages:

  iab-adcom@0.1.5:
    resolution: {integrity: sha512-y4qeyEZrdM6BZCUUcDa3dgCC+fjHES99ufP+Odxutbvgr5IPxvsN+BRrNW3UX7XEDeLHrw2ADtNzC27zYRNlMQ==}
    engines: {node: '>=14.0.0'}

snapshots:

  iab-adcom@0.1.5: {}
