lockfileVersion: '9.0'

settings:
  autoInstallPeers: true
  excludeLinksFromLockfile: false

importers:

  .:
    devDependencies:
      iab-adcom:
        specifier: ^0.1.4
        version: 0.1.4

packages:

  iab-adcom@0.1.4:
    resolution: {integrity: sha512-ZzeU1UCtGWO6K81VLnGDMg7zYdSRie08aXJ1kSl2krtbXEJnbvhyW7CboutBNd/GvE52J3rpkSSVXOaDkLJCeg==}
    engines: {node: '>=14.0.0'}

snapshots:

  iab-adcom@0.1.4: {}
